PODS:
  - Capacitor (8.3.1):
    - CapacitorCordova
  - CapacitorCordova (8.3.1)
  - CapacitorFilesystem (8.1.2):
    - Capacitor
    - IONFilesystemLib (~> 1.1.1)
  - CapawesomeCapacitorFilePicker (7.2.0):
    - Capacitor
  - CapawesomeTeamCapacitorFileOpener (7.0.1):
    - Capacitor
  - CapawesomeTeamCapacitorShareTarget (0.2.0):
    - Capacitor
  - IONFilesystemLib (1.1.2)

DEPENDENCIES:
  - "Capacitor (from `../../node_modules/@capacitor/ios`)"
  - "CapacitorCordova (from `../../node_modules/@capacitor/ios`)"
  - "CapacitorFilesystem (from `../../node_modules/@capacitor/filesystem`)"
  - "CapawesomeCapacitorFilePicker (from `../../node_modules/@capawesome/capacitor-file-picker`)"
  - "CapawesomeTeamCapacitorFileOpener (from `../../node_modules/@capawesome-team/capacitor-file-opener`)"
  - "CapawesomeTeamCapacitorShareTarget (from `../../node_modules/@capawesome-team/capacitor-share-target`)"

SPEC REPOS:
  trunk:
    - IONFilesystemLib

EXTERNAL SOURCES:
  Capacitor:
    :path: "../../node_modules/@capacitor/ios"
  CapacitorCordova:
    :path: "../../node_modules/@capacitor/ios"
  CapacitorFilesystem:
    :path: "../../node_modules/@capacitor/filesystem"
  CapawesomeCapacitorFilePicker:
    :path: "../../node_modules/@capawesome/capacitor-file-picker"
  CapawesomeTeamCapacitorFileOpener:
    :path: "../../node_modules/@capawesome-team/capacitor-file-opener"
  CapawesomeTeamCapacitorShareTarget:
    :path: "../../node_modules/@capawesome-team/capacitor-share-target"

SPEC CHECKSUMS:
  Capacitor: 46dbaa89c1d1cd121b9fc2dc839c1f39cc49e326
  CapacitorCordova: 9010447fe25e869705fcf525e5f490facde87608
  CapacitorFilesystem: 2db285a1ac6e475cc27cae2e1bea999000f9e2be
  CapawesomeCapacitorFilePicker: 0f4a913a00e39dd77213449f0d917e92f35a5ca9
  CapawesomeTeamCapacitorFileOpener: 001f0b5e2db8931c24b0887f483bd00b049a6989
  CapawesomeTeamCapacitorShareTarget: 6b33c0cc178c29c8faa93cb0bcba23a4255bafce
  IONFilesystemLib: 21a63377696b2d8fab5632ecfb7d2ac67bddb68a

PODFILE CHECKSUM: adb29d72e3736ecba2bfc328a9b979c38701bf0c

COCOAPODS: 1.16.2
